<?xml version="1.0" encoding="utf-8"?>
<Project ToolsVersion="4.0" xmlns="http://schemas.microsoft.com/developer/msbuild/2003">
  <ItemGroup>
    <ClCompile Include="src\ofApp.cpp">
      <Filter>src</Filter>
    </ClCompile>
    <ClCompile Include="src\main.cpp">
      <Filter>src</Filter>
    </ClCompile>
    <ClCompile Include="C:\openframeworks\addons\ofxOsc\libs\oscpack\src\ip\IpEndpointName.cpp" />
    <ClCompile Include="C:\openframeworks\addons\ofxOsc\libs\oscpack\src\ip\win32\NetworkingUtils.cpp" />
    <ClCompile Include="C:\openframeworks\addons\ofxOsc\libs\oscpack\src\ip\win32\UdpSocket.cpp" />
    <ClCompile Include="C:\openframeworks\addons\ofxOsc\libs\oscpack\src\osc\OscOutboundPacketStream.cpp" />
    <ClCompile Include="C:\openframeworks\addons\ofxOsc\libs\oscpack\src\osc\OscPrintReceivedElements.cpp" />
    <ClCompile Include="C:\openframeworks\addons\ofxOsc\libs\oscpack\src\osc\OscReceivedElements.cpp" />
    <ClCompile Include="C:\openframeworks\addons\ofxOsc\libs\oscpack\src\osc\OscTypes.cpp" />
    <ClCompile Include="C:\openframeworks\addons\ofxOsc\src\ofxOscBundle.cpp" />
    <ClCompile Include="C:\openframeworks\addons\ofxOsc\src\ofxOscMessage.cpp" />
    <ClCompile Include="C:\openframeworks\addons\ofxOsc\src\ofxOscParameterSync.cpp" />
    <ClCompile Include="C:\openframeworks\addons\ofxOsc\src\ofxOscReceiver.cpp" />
    <ClCompile Include="C:\openframeworks\addons\ofxOsc\src\ofxOscSender.cpp" />
    <ClCompile Include="src\ImageExporter.cpp">
      <Filter>src</Filter>
    </ClCompile>
  </ItemGroup>
  <ItemGroup>
    <Filter Include="src">
      <UniqueIdentifier>{d8376475-7454-4a24-b08a-aac121d3ad6f}</UniqueIdentifier>
    </Filter>
    <Filter Include="addons">
      <UniqueIdentifier>{4169b9e0-a2f9-4617-9a76-fa735400cebe}</UniqueIdentifier>
    </Filter>
    <Filter Include="addons\ofxOsc">
      <UniqueIdentifier>{910e1c16-dac8-4144-aa43-812b278090cd}</UniqueIdentifier>
    </Filter>
    <Filter Include="addons\ofxOsc\src">
      <UniqueIdentifier>{738756da-9714-4fe4-b969-7d6826647e67}</UniqueIdentifier>
    </Filter>
    <Filter Include="addons\ofxOsc\libs">
      <UniqueIdentifier>{d85548ec-6960-4128-bd7c-86349445a9d3}</UniqueIdentifier>
    </Filter>
    <Filter Include="addons\ofxOsc\libs\oscpack">
      <UniqueIdentifier>{ddc94b34-450e-47b5-9d65-fd78873ccc8c}</UniqueIdentifier>
    </Filter>
    <Filter Include="addons\ofxOsc\libs\oscpack\src">
      <UniqueIdentifier>{252f1120-b85b-44a8-a458-40c340412aea}</UniqueIdentifier>
    </Filter>
    <Filter Include="addons\ofxOsc\libs\oscpack\src\ip">
      <UniqueIdentifier>{21a54d3b-108e-4c71-8b68-26f5e9566638}</UniqueIdentifier>
    </Filter>
    <Filter Include="addons\ofxOsc\libs\oscpack\src\ip\win32">
      <UniqueIdentifier>{545002c3-ecce-4162-96c3-580c7312fad8}</UniqueIdentifier>
    </Filter>
    <Filter Include="addons\ofxOsc\libs\oscpack\src\osc">
      <UniqueIdentifier>{bdef02d5-20e9-4a10-9b7f-b2d2b6e93e28}</UniqueIdentifier>
    </Filter>
  </ItemGroup>
  <ItemGroup>
    <ClInclude Include="src\ofApp.h">
      <Filter>src</Filter>
    </ClInclude>
    <ClInclude Include="C:\openframeworks\addons\ofxOsc\libs\oscpack\src\ip\IpEndpointName.h" />
    <ClInclude Include="C:\openframeworks\addons\ofxOsc\libs\oscpack\src\ip\NetworkingUtils.h" />
    <ClInclude Include="C:\openframeworks\addons\ofxOsc\libs\oscpack\src\ip\PacketListener.h" />
    <ClInclude Include="C:\openframeworks\addons\ofxOsc\libs\oscpack\src\ip\TimerListener.h" />
    <ClInclude Include="C:\openframeworks\addons\ofxOsc\libs\oscpack\src\ip\UdpSocket.h" />
    <ClInclude Include="C:\openframeworks\addons\ofxOsc\libs\oscpack\src\osc\MessageMappingOscPacketListener.h" />
    <ClInclude Include="C:\openframeworks\addons\ofxOsc\libs\oscpack\src\osc\OscException.h" />
    <ClInclude Include="C:\openframeworks\addons\ofxOsc\libs\oscpack\src\osc\OscHostEndianness.h" />
    <ClInclude Include="C:\openframeworks\addons\ofxOsc\libs\oscpack\src\osc\OscOutboundPacketStream.h" />
    <ClInclude Include="C:\openframeworks\addons\ofxOsc\libs\oscpack\src\osc\OscPacketListener.h" />
    <ClInclude Include="C:\openframeworks\addons\ofxOsc\libs\oscpack\src\osc\OscPrintReceivedElements.h" />
    <ClInclude Include="C:\openframeworks\addons\ofxOsc\libs\oscpack\src\osc\OscReceivedElements.h" />
    <ClInclude Include="C:\openframeworks\addons\ofxOsc\libs\oscpack\src\osc\OscTypes.h" />
    <ClInclude Include="C:\openframeworks\addons\ofxOsc\src\ofxOsc.h" />
    <ClInclude Include="C:\openframeworks\addons\ofxOsc\src\ofxOscArg.h" />
    <ClInclude Include="C:\openframeworks\addons\ofxOsc\src\ofxOscBundle.h" />
    <ClInclude Include="C:\openframeworks\addons\ofxOsc\src\ofxOscMessage.h" />
    <ClInclude Include="C:\openframeworks\addons\ofxOsc\src\ofxOscParameterSync.h" />
    <ClInclude Include="C:\openframeworks\addons\ofxOsc\src\ofxOscReceiver.h" />
    <ClInclude Include="C:\openframeworks\addons\ofxOsc\src\ofxOscSender.h" />
    <ClInclude Include="src\ImageExporter.h">
      <Filter>src</Filter>
    </ClInclude>
  </ItemGroup>
  <ItemGroup>
    <ResourceCompile Include="icon.rc" />
  </ItemGroup>
</Project>